
Microsoft Visual Studio Solution File, Format Version 12.00
# Visual Studio Version 16
VisualStudioVersion = 16.0.29123.88
MinimumVisualStudioVersion = 10.0.40219.1
Project("{FAE04EC0-301F-11D3-BF4B-00C04F79EFBC}") = "DepartmentsEmployees", "DepartmentsEmployees\DepartmentsEmployees.csproj", "{D4E7884A-F313-4B80-8EEC-7413EBE7EEEF}"
EndProject
Global
	GlobalSection(SolutionConfigurationPlatforms) = preSolution
		Debug|Any CPU = Debug|Any CPU
		Release|Any CPU = Release|Any CPU
	EndGlobalSection
	GlobalSection(ProjectConfigurationPlatforms) = postSolution
		{D4E7884A-F313-4B80-8EEC-7413EBE7EEEF}.Debug|Any CPU.ActiveCfg = Debug|Any CPU
		{D4E7884A-F313-4B80-8EEC-7413EBE7EEEF}.Debug|Any CPU.Build.0 = Debug|Any CPU
		{D4E7884A-F313-4B80-8EEC-7413EBE7EEEF}.Release|Any CPU.ActiveCfg = Release|Any CPU
		{D4E7884A-F313-4B80-8EEC-7413EBE7EEEF}.Release|Any CPU.Build.0 = Release|Any CPU
	EndGlobalSection
	GlobalSection(SolutionProperties) = preSolution
		HideSolutionNode = FALSE
	EndGlobalSection
	GlobalSection(ExtensibilityGlobals) = postSolution
		SolutionGuid = {BF7281CA-41D2-493A-8A07-B4454631745D}
	EndGlobalSection
EndGlobal
